
Microsoft Visual Studio Solution File, Format Version 12.00
# Visual Studio Version 16
VisualStudioVersion = 16.0.30611.23
MinimumVisualStudioVersion = 10.0.40219.1
Project("{FAE04EC0-301F-11D3-BF4B-00C04F79EFBC}") = "Guano", "src\Guano\Guano.csproj", "{742DB69B-7E37-434E-B067-45E26AA6ABBE}"
EndProject
Global
	GlobalSection(SolutionConfigurationPlatforms) = preSolution
		Debug|Any CPU = Debug|Any CPU
		Release|Any CPU = Release|Any CPU
	EndGlobalSection
	GlobalSection(ProjectConfigurationPlatforms) = postSolution
		{742DB69B-7E37-434E-B067-45E26AA6ABBE}.Debug|Any CPU.ActiveCfg = Debug|Any CPU
		{742DB69B-7E37-434E-B067-45E26AA6ABBE}.Debug|Any CPU.Build.0 = Debug|Any CPU
		{742DB69B-7E37-434E-B067-45E26AA6ABBE}.Release|Any CPU.ActiveCfg = Release|Any CPU
		{742DB69B-7E37-434E-B067-45E26AA6ABBE}.Release|Any CPU.Build.0 = Release|Any CPU
	EndGlobalSection
	GlobalSection(SolutionProperties) = preSolution
		HideSolutionNode = FALSE
	EndGlobalSection
	GlobalSection(ExtensibilityGlobals) = postSolution
		SolutionGuid = {B0C59097-A4C0-4103-8FF0-0FFEE325AF83}
	EndGlobalSection
EndGlobal
